
Microsoft Visual Studio Solution File, Format Version 12.00
# Visual Studio 15
VisualStudioVersion = 15.0.27703.2035
MinimumVisualStudioVersion = 10.0.40219.1
Project("{FAE04EC0-301F-11D3-BF4B-00C04F79EFBC}") = "Integra7Random.Android", "Integra7Random\Integra7Random.Android\Integra7Random.Android.csproj", "{F8F2D8FE-15F2-4162-BED0-8C534CE7E0CF}"
EndProject
Project("{FAE04EC0-301F-11D3-BF4B-00C04F79EFBC}") = "Integra7Random.iOS", "Integra7Random\Integra7Random.iOS\Integra7Random.iOS.csproj", "{B1FD67BF-5B8F-457B-99B3-F28193865932}"
EndProject
Project("{FAE04EC0-301F-11D3-BF4B-00C04F79EFBC}") = "Integra7Random.UWP", "Integra7Random\Integra7Random.UWP\Integra7Random.UWP.csproj", "{E0923C11-DAA3-44EE-9D81-C399CC962DB5}"
EndProject
Project("{FAE04EC0-301F-11D3-BF4B-00C04F79EFBC}") = "Integra7Random", "Integra7Random\Integra7Random\Integra7Random.csproj", "{D4413E3E-A5A5-40BE-AAA9-5B72C912467A}"
EndProject
Global
	GlobalSection(SolutionConfigurationPlatforms) = preSolution
		Ad-Hoc|Any CPU = Ad-Hoc|Any CPU
		Ad-Hoc|ARM = Ad-Hoc|ARM
		Ad-Hoc|iPhone = Ad-Hoc|iPhone
		Ad-Hoc|iPhoneSimulator = Ad-Hoc|iPhoneSimulator
		Ad-Hoc|x64 = Ad-Hoc|x64
		Ad-Hoc|x86 = Ad-Hoc|x86
		AppStore|Any CPU = AppStore|Any CPU
		AppStore|ARM = AppStore|ARM
		AppStore|iPhone = AppStore|iPhone
		AppStore|iPhoneSimulator = AppStore|iPhoneSimulator
		AppStore|x64 = AppStore|x64
		AppStore|x86 = AppStore|x86
		Debug|Any CPU = Debug|Any CPU
		Debug|ARM = Debug|ARM
		Debug|iPhone = Debug|iPhone
		Debug|iPhoneSimulator = Debug|iPhoneSimulator
		Debug|x64 = Debug|x64
		Debug|x86 = Debug|x86
		Release|Any CPU = Release|Any CPU
		Release|ARM = Release|ARM
		Release|iPhone = Release|iPhone
		Release|iPhoneSimulator = Release|iPhoneSimulator
		Release|x64 = Release|x64
		Release|x86 = Release|x86
	EndGlobalSection
	GlobalSection(ProjectConfigurationPlatforms) = postSolution
		{F8F2D8FE-15F2-4162-BED0-8C534CE7E0CF}.Ad-Hoc|Any CPU.ActiveCfg = Release|Any CPU
		{F8F2D8FE-15F2-4162-BED0-8C534CE7E0CF}.Ad-Hoc|Any CPU.Build.0 = Release|Any CPU
		{F8F2D8FE-15F2-4162-BED0-8C534CE7E0CF}.Ad-Hoc|Any CPU.Deploy.0 = Release|Any CPU
		{F8F2D8FE-15F2-4162-BED0-8C534CE7E0CF}.Ad-Hoc|ARM.ActiveCfg = Release|Any CPU
		{F8F2D8FE-15F2-4162-BED0-8C534CE7E0CF}.Ad-Hoc|ARM.Build.0 = Release|Any CPU
		{F8F2D8FE-15F2-4162-BED0-8C534CE7E0CF}.Ad-Hoc|ARM.Deploy.0 = Release|Any CPU
		{F8F2D8FE-15F2-4162-BED0-8C534CE7E0CF}.Ad-Hoc|iPhone.ActiveCfg = Release|Any CPU
		{F8F2D8FE-15F2-4162-BED0-8C534CE7E0CF}.Ad-Hoc|iPhone.Build.0 = Release|Any CPU
		{F8F2D8FE-15F2-4162-BED0-8C534CE7E0CF}.Ad-Hoc|iPhone.Deploy.0 = Release|Any CPU
		{F8F2D8FE-15F2-4162-BED0-8C534CE7E0CF}.Ad-Hoc|iPhoneSimulator.ActiveCfg = Release|Any CPU
		{F8F2D8FE-15F2-4162-BED0-8C534CE7E0CF}.Ad-Hoc|iPhoneSimulator.Build.0 = Release|Any CPU
		{F8F2D8FE-15F2-4162-BED0-8C534CE7E0CF}.Ad-Hoc|iPhoneSimulator.Deploy.0 = Release|Any CPU
		{F8F2D8FE-15F2-4162-BED0-8C534CE7E0CF}.Ad-Hoc|x64.ActiveCfg = Release|Any CPU
		{F8F2D8FE-15F2-4162-BED0-8C534CE7E0CF}.Ad-Hoc|x64.Build.0 = Release|Any CPU
		{F8F2D8FE-15F2-4162-BED0-8C534CE7E0CF}.Ad-Hoc|x64.Deploy.0 = Release|Any CPU
		{F8F2D8FE-15F2-4162-BED0-8C534CE7E0CF}.Ad-Hoc|x86.ActiveCfg = Release|Any CPU
		{F8F2D8FE-15F2-4162-BED0-8C534CE7E0CF}.Ad-Hoc|x86.Build.0 = Release|Any CPU
		{F8F2D8FE-15F2-4162-BED0-8C534CE7E0CF}.Ad-Hoc|x86.Deploy.0 = Release|Any CPU
		{F8F2D8FE-15F2-4162-BED0-8C534CE7E0CF}.AppStore|Any CPU.ActiveCfg = Release|Any CPU
		{F8F2D8FE-15F2-4162-BED0-8C534CE7E0CF}.AppStore|Any CPU.Build.0 = Release|Any CPU
		{F8F2D8FE-15F2-4162-BED0-8C534CE7E0CF}.AppStore|Any CPU.Deploy.0 = Release|Any CPU
		{F8F2D8FE-15F2-4162-BED0-8C534CE7E0CF}.AppStore|ARM.ActiveCfg = Release|Any CPU
		{F8F2D8FE-15F2-4162-BED0-8C534CE7E0CF}.AppStore|ARM.Build.0 = Release|Any CPU
		{F8F2D8FE-15F2-4162-BED0-8C534CE7E0CF}.AppStore|ARM.Deploy.0 = Release|Any CPU
		{F8F2D8FE-15F2-4162-BED0-8C534CE7E0CF}.AppStore|iPhone.ActiveCfg = Release|Any CPU
		{F8F2D8FE-15F2-4162-BED0-8C534CE7E0CF}.AppStore|iPhone.Build.0 = Release|Any CPU
		{F8F2D8FE-15F2-4162-BED0-8C534CE7E0CF}.AppStore|iPhone.Deploy.0 = Release|Any CPU
		{F8F2D8FE-15F2-4162-BED0-8C534CE7E0CF}.AppStore|iPhoneSimulator.ActiveCfg = Release|Any CPU
		{F8F2D8FE-15F2-4162-BED0-8C534CE7E0CF}.AppStore|iPhoneSimulator.Build.0 = Release|Any CPU
		{F8F2D8FE-15F2-4162-BED0-8C534CE7E0CF}.AppStore|iPhoneSimulator.Deploy.0 = Release|Any CPU
		{F8F2D8FE-15F2-4162-BED0-8C534CE7E0CF}.AppStore|x64.ActiveCfg = Release|Any CPU
		{F8F2D8FE-15F2-4162-BED0-8C534CE7E0CF}.AppStore|x64.Build.0 = Release|Any CPU
		{F8F2D8FE-15F2-4162-BED0-8C534CE7E0CF}.AppStore|x64.Deploy.0 = Release|Any CPU
		{F8F2D8FE-15F2-4162-BED0-8C534CE7E0CF}.AppStore|x86.ActiveCfg = Release|Any CPU
		{F8F2D8FE-15F2-4162-BED0-8C534CE7E0CF}.AppStore|x86.Build.0 = Release|Any CPU
		{F8F2D8FE-15F2-4162-BED0-8C534CE7E0CF}.AppStore|x86.Deploy.0 = Release|Any CPU
		{F8F2D8FE-15F2-4162-BED0-8C534CE7E0CF}.Debug|Any CPU.ActiveCfg = Debug|Any CPU
		{F8F2D8FE-15F2-4162-BED0-8C534CE7E0CF}.Debug|Any CPU.Build.0 = Debug|Any CPU
		{F8F2D8FE-15F2-4162-BED0-8C534CE7E0CF}.Debug|Any CPU.Deploy.0 = Debug|Any CPU
		{F8F2D8FE-15F2-4162-BED0-8C534CE7E0CF}.Debug|ARM.ActiveCfg = Debug|Any CPU
		{F8F2D8FE-15F2-4162-BED0-8C534CE7E0CF}.Debug|ARM.Build.0 = Debug|Any CPU
		{F8F2D8FE-15F2-4162-BED0-8C534CE7E0CF}.Debug|ARM.Deploy.0 = Debug|Any CPU
		{F8F2D8FE-15F2-4162-BED0-8C534CE7E0CF}.Debug|iPhone.ActiveCfg = Debug|Any CPU
		{F8F2D8FE-15F2-4162-BED0-8C534CE7E0CF}.Debug|iPhone.Build.0 = Debug|Any CPU
		{F8F2D8FE-15F2-4162-BED0-8C534CE7E0CF}.Debug|iPhone.Deploy.0 = Debug|Any CPU
		{F8F2D8FE-15F2-4162-BED0-8C534CE7E0CF}.Debug|iPhoneSimulator.ActiveCfg = Debug|Any CPU
		{F8F2D8FE-15F2-4162-BED0-8C534CE7E0CF}.Debug|iPhoneSimulator.Build.0 = Debug|Any CPU
		{F8F2D8FE-15F2-4162-BED0-8C534CE7E0CF}.Debug|iPhoneSimulator.Deploy.0 = Debug|Any CPU
		{F8F2D8FE-15F2-4162-BED0-8C534CE7E0CF}.Debug|x64.ActiveCfg = Debug|Any CPU
		{F8F2D8FE-15F2-4162-BED0-8C534CE7E0CF}.Debug|x64.Build.0 = Debug|Any CPU
		{F8F2D8FE-15F2-4162-BED0-8C534CE7E0CF}.Debug|x64.Deploy.0 = Debug|Any CPU
		{F8F2D8FE-15F2-4162-BED0-8C534CE7E0CF}.Debug|x86.ActiveCfg = Debug|Any CPU
		{F8F2D8FE-15F2-4162-BED0-8C534CE7E0CF}.Debug|x86.Build.0 = Debug|Any CPU
		{F8F2D8FE-15F2-4162-BED0-8C534CE7E0CF}.Debug|x86.Deploy.0 = Debug|Any CPU
		{F8F2D8FE-15F2-4162-BED0-8C534CE7E0CF}.Release|Any CPU.ActiveCfg = Release|Any CPU
		{F8F2D8FE-15F2-4162-BED0-8C534CE7E0CF}.Release|Any CPU.Build.0 = Release|Any CPU
		{F8F2D8FE-15F2-4162-BED0-8C534CE7E0CF}.Release|Any CPU.Deploy.0 = Release|Any CPU
		{F8F2D8FE-15F2-4162-BED0-8C534CE7E0CF}.Release|ARM.ActiveCfg = Release|Any CPU
		{F8F2D8FE-15F2-4162-BED0-8C534CE7E0CF}.Release|ARM.Build.0 = Release|Any CPU
		{F8F2D8FE-15F2-4162-BED0-8C534CE7E0CF}.Release|ARM.Deploy.0 = Release|Any CPU
		{F8F2D8FE-15F2-4162-BED0-8C534CE7E0CF}.Release|iPhone.ActiveCfg = Release|Any CPU
		{F8F2D8FE-15F2-4162-BED0-8C534CE7E0CF}.Release|iPhone.Build.0 = Release|Any CPU
		{F8F2D8FE-15F2-4162-BED0-8C534CE7E0CF}.Release|iPhone.Deploy.0 = Release|Any CPU
		{F8F2D8FE-15F2-4162-BED0-8C534CE7E0CF}.Release|iPhoneSimulator.ActiveCfg = Release|Any CPU
		{F8F2D8FE-15F2-4162-BED0-8C534CE7E0CF}.Release|iPhoneSimulator.Build.0 = Release|Any CPU
		{F8F2D8FE-15F2-4162-BED0-8C534CE7E0CF}.Release|iPhoneSimulator.Deploy.0 = Release|Any CPU
		{F8F2D8FE-15F2-4162-BED0-8C534CE7E0CF}.Release|x64.ActiveCfg = Release|Any CPU
		{F8F2D8FE-15F2-4162-BED0-8C534CE7E0CF}.Release|x64.Build.0 = Release|Any CPU
		{F8F2D8FE-15F2-4162-BED0-8C534CE7E0CF}.Release|x64.Deploy.0 = Release|Any CPU
		{F8F2D8FE-15F2-4162-BED0-8C534CE7E0CF}.Release|x86.ActiveCfg = Release|Any CPU
		{F8F2D8FE-15F2-4162-BED0-8C534CE7E0CF}.Release|x86.Build.0 = Release|Any CPU
		{F8F2D8FE-15F2-4162-BED0-8C534CE7E0CF}.Release|x86.Deploy.0 = Release|Any CPU
		{B1FD67BF-5B8F-457B-99B3-F28193865932}.Ad-Hoc|Any CPU.ActiveCfg = Ad-Hoc|iPhone
		{B1FD67BF-5B8F-457B-99B3-F28193865932}.Ad-Hoc|Any CPU.Build.0 = Ad-Hoc|iPhone
		{B1FD67BF-5B8F-457B-99B3-F28193865932}.Ad-Hoc|Any CPU.Deploy.0 = Ad-Hoc|iPhone
		{B1FD67BF-5B8F-457B-99B3-F28193865932}.Ad-Hoc|ARM.ActiveCfg = Ad-Hoc|iPhone
		{B1FD67BF-5B8F-457B-99B3-F28193865932}.Ad-Hoc|ARM.Build.0 = Ad-Hoc|iPhone
		{B1FD67BF-5B8F-457B-99B3-F28193865932}.Ad-Hoc|ARM.Deploy.0 = Ad-Hoc|iPhone
		{B1FD67BF-5B8F-457B-99B3-F28193865932}.Ad-Hoc|iPhone.ActiveCfg = Ad-Hoc|iPhone
		{B1FD67BF-5B8F-457B-99B3-F28193865932}.Ad-Hoc|iPhone.Build.0 = Ad-Hoc|iPhone
		{B1FD67BF-5B8F-457B-99B3-F28193865932}.Ad-Hoc|iPhone.Deploy.0 = Ad-Hoc|iPhone
		{B1FD67BF-5B8F-457B-99B3-F28193865932}.Ad-Hoc|iPhoneSimulator.ActiveCfg = Ad-Hoc|iPhoneSimulator
		{B1FD67BF-5B8F-457B-99B3-F28193865932}.Ad-Hoc|iPhoneSimulator.Build.0 = Ad-Hoc|iPhoneSimulator
		{B1FD67BF-5B8F-457B-99B3-F28193865932}.Ad-Hoc|iPhoneSimulator.Deploy.0 = Ad-Hoc|iPhoneSimulator
		{B1FD67BF-5B8F-457B-99B3-F28193865932}.Ad-Hoc|x64.ActiveCfg = Ad-Hoc|iPhone
		{B1FD67BF-5B8F-457B-99B3-F28193865932}.Ad-Hoc|x64.Build.0 = Ad-Hoc|iPhone
		{B1FD67BF-5B8F-457B-99B3-F28193865932}.Ad-Hoc|x64.Deploy.0 = Ad-Hoc|iPhone
		{B1FD67BF-5B8F-457B-99B3-F28193865932}.Ad-Hoc|x86.ActiveCfg = Ad-Hoc|iPhone
		{B1FD67BF-5B8F-457B-99B3-F28193865932}.Ad-Hoc|x86.Build.0 = Ad-Hoc|iPhone
		{B1FD67BF-5B8F-457B-99B3-F28193865932}.Ad-Hoc|x86.Deploy.0 = Ad-Hoc|iPhone
		{B1FD67BF-5B8F-457B-99B3-F28193865932}.AppStore|Any CPU.ActiveCfg = AppStore|iPhone
		{B1FD67BF-5B8F-457B-99B3-F28193865932}.AppStore|Any CPU.Build.0 = AppStore|iPhone
		{B1FD67BF-5B8F-457B-99B3-F28193865932}.AppStore|Any CPU.Deploy.0 = AppStore|iPhone
		{B1FD67BF-5B8F-457B-99B3-F28193865932}.AppStore|ARM.ActiveCfg = AppStore|iPhone
		{B1FD67BF-5B8F-457B-99B3-F28193865932}.AppStore|ARM.Build.0 = AppStore|iPhone
		{B1FD67BF-5B8F-457B-99B3-F28193865932}.AppStore|ARM.Deploy.0 = AppStore|iPhone
		{B1FD67BF-5B8F-457B-99B3-F28193865932}.AppStore|iPhone.ActiveCfg = AppStore|iPhone
		{B1FD67BF-5B8F-457B-99B3-F28193865932}.AppStore|iPhone.Build.0 = AppStore|iPhone
		{B1FD67BF-5B8F-457B-99B3-F28193865932}.AppStore|iPhone.Deploy.0 = AppStore|iPhone
		{B1FD67BF-5B8F-457B-99B3-F28193865932}.AppStore|iPhoneSimulator.ActiveCfg = AppStore|iPhoneSimulator
		{B1FD67BF-5B8F-457B-99B3-F28193865932}.AppStore|iPhoneSimulator.Build.0 = AppStore|iPhoneSimulator
		{B1FD67BF-5B8F-457B-99B3-F28193865932}.AppStore|iPhoneSimulator.Deploy.0 = AppStore|iPhoneSimulator
		{B1FD67BF-5B8F-457B-99B3-F28193865932}.AppStore|x64.ActiveCfg = AppStore|iPhone
		{B1FD67BF-5B8F-457B-99B3-F28193865932}.AppStore|x64.Build.0 = AppStore|iPhone
		{B1FD67BF-5B8F-457B-99B3-F28193865932}.AppStore|x64.Deploy.0 = AppStore|iPhone
		{B1FD67BF-5B8F-457B-99B3-F28193865932}.AppStore|x86.ActiveCfg = AppStore|iPhone
		{B1FD67BF-5B8F-457B-99B3-F28193865932}.AppStore|x86.Build.0 = AppStore|iPhone
		{B1FD67BF-5B8F-457B-99B3-F28193865932}.AppStore|x86.Deploy.0 = AppStore|iPhone
		{B1FD67BF-5B8F-457B-99B3-F28193865932}.Debug|Any CPU.ActiveCfg = Debug|iPhoneSimulator
		{B1FD67BF-5B8F-457B-99B3-F28193865932}.Debug|Any CPU.Build.0 = Debug|iPhoneSimulator
		{B1FD67BF-5B8F-457B-99B3-F28193865932}.Debug|Any CPU.Deploy.0 = Debug|iPhoneSimulator
		{B1FD67BF-5B8F-457B-99B3-F28193865932}.Debug|ARM.ActiveCfg = Debug|iPhone
		{B1FD67BF-5B8F-457B-99B3-F28193865932}.Debug|ARM.Build.0 = Debug|iPhone
		{B1FD67BF-5B8F-457B-99B3-F28193865932}.Debug|ARM.Deploy.0 = Debug|iPhone
		{B1FD67BF-5B8F-457B-99B3-F28193865932}.Debug|iPhone.ActiveCfg = Debug|iPhone
		{B1FD67BF-5B8F-457B-99B3-F28193865932}.Debug|iPhone.Build.0 = Debug|iPhone
		{B1FD67BF-5B8F-457B-99B3-F28193865932}.Debug|iPhone.Deploy.0 = Debug|iPhone
		{B1FD67BF-5B8F-457B-99B3-F28193865932}.Debug|iPhoneSimulator.ActiveCfg = Debug|iPhoneSimulator
		{B1FD67BF-5B8F-457B-99B3-F28193865932}.Debug|iPhoneSimulator.Build.0 = Debug|iPhoneSimulator
		{B1FD67BF-5B8F-457B-99B3-F28193865932}.Debug|iPhoneSimulator.Deploy.0 = Debug|iPhoneSimulator
		{B1FD67BF-5B8F-457B-99B3-F28193865932}.Debug|x64.ActiveCfg = Debug|iPhone
		{B1FD67BF-5B8F-457B-99B3-F28193865932}.Debug|x64.Build.0 = Debug|iPhone
		{B1FD67BF-5B8F-457B-99B3-F28193865932}.Debug|x64.Deploy.0 = Debug|iPhone
		{B1FD67BF-5B8F-457B-99B3-F28193865932}.Debug|x86.ActiveCfg = Debug|iPhone
		{B1FD67BF-5B8F-457B-99B3-F28193865932}.Debug|x86.Build.0 = Debug|iPhone
		{B1FD67BF-5B8F-457B-99B3-F28193865932}.Debug|x86.Deploy.0 = Debug|iPhone
		{B1FD67BF-5B8F-457B-99B3-F28193865932}.Release|Any CPU.ActiveCfg = Release|iPhone
		{B1FD67BF-5B8F-457B-99B3-F28193865932}.Release|Any CPU.Build.0 = Release|iPhone
		{B1FD67BF-5B8F-457B-99B3-F28193865932}.Release|Any CPU.Deploy.0 = Release|iPhone
		{B1FD67BF-5B8F-457B-99B3-F28193865932}.Release|ARM.ActiveCfg = Release|iPhone
		{B1FD67BF-5B8F-457B-99B3-F28193865932}.Release|ARM.Build.0 = Release|iPhone
		{B1FD67BF-5B8F-457B-99B3-F28193865932}.Release|ARM.Deploy.0 = Release|iPhone
		{B1FD67BF-5B8F-457B-99B3-F28193865932}.Release|iPhone.ActiveCfg = Release|iPhone
		{B1FD67BF-5B8F-457B-99B3-F28193865932}.Release|iPhone.Build.0 = Release|iPhone
		{B1FD67BF-5B8F-457B-99B3-F28193865932}.Release|iPhone.Deploy.0 = Release|iPhone
		{B1FD67BF-5B8F-457B-99B3-F28193865932}.Release|iPhoneSimulator.ActiveCfg = Release|iPhoneSimulator
		{B1FD67BF-5B8F-457B-99B3-F28193865932}.Release|iPhoneSimulator.Build.0 = Release|iPhoneSimulator
		{B1FD67BF-5B8F-457B-99B3-F28193865932}.Release|iPhoneSimulator.Deploy.0 = Release|iPhoneSimulator
		{B1FD67BF-5B8F-457B-99B3-F28193865932}.Release|x64.ActiveCfg = Release|iPhone
		{B1FD67BF-5B8F-457B-99B3-F28193865932}.Release|x64.Build.0 = Release|iPhone
		{B1FD67BF-5B8F-457B-99B3-F28193865932}.Release|x64.Deploy.0 = Release|iPhone
		{B1FD67BF-5B8F-457B-99B3-F28193865932}.Release|x86.ActiveCfg = Release|iPhone
		{B1FD67BF-5B8F-457B-99B3-F28193865932}.Release|x86.Build.0 = Release|iPhone
		{B1FD67BF-5B8F-457B-99B3-F28193865932}.Release|x86.Deploy.0 = Release|iPhone
		{E0923C11-DAA3-44EE-9D81-C399CC962DB5}.Ad-Hoc|Any CPU.ActiveCfg = Release|x86
		{E0923C11-DAA3-44EE-9D81-C399CC962DB5}.Ad-Hoc|Any CPU.Build.0 = Release|x86
		{E0923C11-DAA3-44EE-9D81-C399CC962DB5}.Ad-Hoc|Any CPU.Deploy.0 = Release|x86
		{E0923C11-DAA3-44EE-9D81-C399CC962DB5}.Ad-Hoc|ARM.ActiveCfg = Release|ARM
		{E0923C11-DAA3-44EE-9D81-C399CC962DB5}.Ad-Hoc|ARM.Build.0 = Release|ARM
		{E0923C11-DAA3-44EE-9D81-C399CC962DB5}.Ad-Hoc|ARM.Deploy.0 = Release|ARM
		{E0923C11-DAA3-44EE-9D81-C399CC962DB5}.Ad-Hoc|iPhone.ActiveCfg = Release|x86
		{E0923C11-DAA3-44EE-9D81-C399CC962DB5}.Ad-Hoc|iPhone.Build.0 = Release|x86
		{E0923C11-DAA3-44EE-9D81-C399CC962DB5}.Ad-Hoc|iPhone.Deploy.0 = Release|x86
		{E0923C11-DAA3-44EE-9D81-C399CC962DB5}.Ad-Hoc|iPhoneSimulator.ActiveCfg = Release|x86
		{E0923C11-DAA3-44EE-9D81-C399CC962DB5}.Ad-Hoc|iPhoneSimulator.Build.0 = Release|x86
		{E0923C11-DAA3-44EE-9D81-C399CC962DB5}.Ad-Hoc|iPhoneSimulator.Deploy.0 = Release|x86
		{E0923C11-DAA3-44EE-9D81-C399CC962DB5}.Ad-Hoc|x64.ActiveCfg = Release|x64
		{E0923C11-DAA3-44EE-9D81-C399CC962DB5}.Ad-Hoc|x64.Build.0 = Release|x64
		{E0923C11-DAA3-44EE-9D81-C399CC962DB5}.Ad-Hoc|x64.Deploy.0 = Release|x64
		{E0923C11-DAA3-44EE-9D81-C399CC962DB5}.Ad-Hoc|x86.ActiveCfg = Release|x86
		{E0923C11-DAA3-44EE-9D81-C399CC962DB5}.Ad-Hoc|x86.Build.0 = Release|x86
		{E0923C11-DAA3-44EE-9D81-C399CC962DB5}.Ad-Hoc|x86.Deploy.0 = Release|x86
		{E0923C11-DAA3-44EE-9D81-C399CC962DB5}.AppStore|Any CPU.ActiveCfg = Release|x86
		{E0923C11-DAA3-44EE-9D81-C399CC962DB5}.AppStore|Any CPU.Build.0 = Release|x86
		{E0923C11-DAA3-44EE-9D81-C399CC962DB5}.AppStore|Any CPU.Deploy.0 = Release|x86
		{E0923C11-DAA3-44EE-9D81-C399CC962DB5}.AppStore|ARM.ActiveCfg = Release|ARM
		{E0923C11-DAA3-44EE-9D81-C399CC962DB5}.AppStore|ARM.Build.0 = Release|ARM
		{E0923C11-DAA3-44EE-9D81-C399CC962DB5}.AppStore|ARM.Deploy.0 = Release|ARM
		{E0923C11-DAA3-44EE-9D81-C399CC962DB5}.AppStore|iPhone.ActiveCfg = Release|x86
		{E0923C11-DAA3-44EE-9D81-C399CC962DB5}.AppStore|iPhone.Build.0 = Release|x86
		{E0923C11-DAA3-44EE-9D81-C399CC962DB5}.AppStore|iPhone.Deploy.0 = Release|x86
		{E0923C11-DAA3-44EE-9D81-C399CC962DB5}.AppStore|iPhoneSimulator.ActiveCfg = Release|x86
		{E0923C11-DAA3-44EE-9D81-C399CC962DB5}.AppStore|iPhoneSimulator.Build.0 = Release|x86
		{E0923C11-DAA3-44EE-9D81-C399CC962DB5}.AppStore|iPhoneSimulator.Deploy.0 = Release|x86
		{E0923C11-DAA3-44EE-9D81-C399CC962DB5}.AppStore|x64.ActiveCfg = Release|x64
		{E0923C11-DAA3-44EE-9D81-C399CC962DB5}.AppStore|x64.Build.0 = Release|x64
		{E0923C11-DAA3-44EE-9D81-C399CC962DB5}.AppStore|x64.Deploy.0 = Release|x64
		{E0923C11-DAA3-44EE-9D81-C399CC962DB5}.AppStore|x86.ActiveCfg = Release|x86
		{E0923C11-DAA3-44EE-9D81-C399CC962DB5}.AppStore|x86.Build.0 = Release|x86
		{E0923C11-DAA3-44EE-9D81-C399CC962DB5}.AppStore|x86.Deploy.0 = Release|x86
		{E0923C11-DAA3-44EE-9D81-C399CC962DB5}.Debug|Any CPU.ActiveCfg = Debug|x86
		{E0923C11-DAA3-44EE-9D81-C399CC962DB5}.Debug|Any CPU.Build.0 = Debug|x86
		{E0923C11-DAA3-44EE-9D81-C399CC962DB5}.Debug|Any CPU.Deploy.0 = Debug|x86
		{E0923C11-DAA3-44EE-9D81-C399CC962DB5}.Debug|ARM.ActiveCfg = Debug|ARM
		{E0923C11-DAA3-44EE-9D81-C399CC962DB5}.Debug|ARM.Build.0 = Debug|ARM
		{E0923C11-DAA3-44EE-9D81-C399CC962DB5}.Debug|ARM.Deploy.0 = Debug|ARM
		{E0923C11-DAA3-44EE-9D81-C399CC962DB5}.Debug|iPhone.ActiveCfg = Debug|x86
		{E0923C11-DAA3-44EE-9D81-C399CC962DB5}.Debug|iPhone.Build.0 = Debug|x86
		{E0923C11-DAA3-44EE-9D81-C399CC962DB5}.Debug|iPhone.Deploy.0 = Debug|x86
		{E0923C11-DAA3-44EE-9D81-C399CC962DB5}.Debug|iPhoneSimulator.ActiveCfg = Debug|x86
		{E0923C11-DAA3-44EE-9D81-C399CC962DB5}.Debug|iPhoneSimulator.Build.0 = Debug|x86
		{E0923C11-DAA3-44EE-9D81-C399CC962DB5}.Debug|iPhoneSimulator.Deploy.0 = Debug|x86
		{E0923C11-DAA3-44EE-9D81-C399CC962DB5}.Debug|x64.ActiveCfg = Debug|x64
		{E0923C11-DAA3-44EE-9D81-C399CC962DB5}.Debug|x64.Build.0 = Debug|x64
		{E0923C11-DAA3-44EE-9D81-C399CC962DB5}.Debug|x64.Deploy.0 = Debug|x64
		{E0923C11-DAA3-44EE-9D81-C399CC962DB5}.Debug|x86.ActiveCfg = Debug|x86
		{E0923C11-DAA3-44EE-9D81-C399CC962DB5}.Debug|x86.Build.0 = Debug|x86
		{E0923C11-DAA3-44EE-9D81-C399CC962DB5}.Debug|x86.Deploy.0 = Debug|x86
		{E0923C11-DAA3-44EE-9D81-C399CC962DB5}.Release|Any CPU.ActiveCfg = Release|x86
		{E0923C11-DAA3-44EE-9D81-C399CC962DB5}.Release|Any CPU.Build.0 = Release|x86
		{E0923C11-DAA3-44EE-9D81-C399CC962DB5}.Release|Any CPU.Deploy.0 = Release|x86
		{E0923C11-DAA3-44EE-9D81-C399CC962DB5}.Release|ARM.ActiveCfg = Release|ARM
		{E0923C11-DAA3-44EE-9D81-C399CC962DB5}.Release|ARM.Build.0 = Release|ARM
		{E0923C11-DAA3-44EE-9D81-C399CC962DB5}.Release|ARM.Deploy.0 = Release|ARM
		{E0923C11-DAA3-44EE-9D81-C399CC962DB5}.Release|iPhone.ActiveCfg = Release|x86
		{E0923C11-DAA3-44EE-9D81-C399CC962DB5}.Release|iPhone.Build.0 = Release|x86
		{E0923C11-DAA3-44EE-9D81-C399CC962DB5}.Release|iPhone.Deploy.0 = Release|x86
		{E0923C11-DAA3-44EE-9D81-C399CC962DB5}.Release|iPhoneSimulator.ActiveCfg = Release|x86
		{E0923C11-DAA3-44EE-9D81-C399CC962DB5}.Release|iPhoneSimulator.Build.0 = Release|x86
		{E0923C11-DAA3-44EE-9D81-C399CC962DB5}.Release|iPhoneSimulator.Deploy.0 = Release|x86
		{E0923C11-DAA3-44EE-9D81-C399CC962DB5}.Release|x64.ActiveCfg = Release|x64
		{E0923C11-DAA3-44EE-9D81-C399CC962DB5}.Release|x64.Build.0 = Release|x64
		{E0923C11-DAA3-44EE-9D81-C399CC962DB5}.Release|x64.Deploy.0 = Release|x64
		{E0923C11-DAA3-44EE-9D81-C399CC962DB5}.Release|x86.ActiveCfg = Release|x86
		{E0923C11-DAA3-44EE-9D81-C399CC962DB5}.Release|x86.Build.0 = Release|x86
		{E0923C11-DAA3-44EE-9D81-C399CC962DB5}.Release|x86.Deploy.0 = Release|x86
		{D4413E3E-A5A5-40BE-AAA9-5B72C912467A}.Ad-Hoc|Any CPU.ActiveCfg = Debug|Any CPU
		{D4413E3E-A5A5-40BE-AAA9-5B72C912467A}.Ad-Hoc|Any CPU.Build.0 = Debug|Any CPU
		{D4413E3E-A5A5-40BE-AAA9-5B72C912467A}.Ad-Hoc|Any CPU.Deploy.0 = Debug|Any CPU
		{D4413E3E-A5A5-40BE-AAA9-5B72C912467A}.Ad-Hoc|ARM.ActiveCfg = Debug|Any CPU
		{D4413E3E-A5A5-40BE-AAA9-5B72C912467A}.Ad-Hoc|ARM.Build.0 = Debug|Any CPU
		{D4413E3E-A5A5-40BE-AAA9-5B72C912467A}.Ad-Hoc|ARM.Deploy.0 = Debug|Any CPU
		{D4413E3E-A5A5-40BE-AAA9-5B72C912467A}.Ad-Hoc|iPhone.ActiveCfg = Debug|Any CPU
		{D4413E3E-A5A5-40BE-AAA9-5B72C912467A}.Ad-Hoc|iPhone.Build.0 = Debug|Any CPU
		{D4413E3E-A5A5-40BE-AAA9-5B72C912467A}.Ad-Hoc|iPhone.Deploy.0 = Debug|Any CPU
		{D4413E3E-A5A5-40BE-AAA9-5B72C912467A}.Ad-Hoc|iPhoneSimulator.ActiveCfg = Debug|Any CPU
		{D4413E3E-A5A5-40BE-AAA9-5B72C912467A}.Ad-Hoc|iPhoneSimulator.Build.0 = Debug|Any CPU
		{D4413E3E-A5A5-40BE-AAA9-5B72C912467A}.Ad-Hoc|iPhoneSimulator.Deploy.0 = Debug|Any CPU
		{D4413E3E-A5A5-40BE-AAA9-5B72C912467A}.Ad-Hoc|x64.ActiveCfg = Debug|Any CPU
		{D4413E3E-A5A5-40BE-AAA9-5B72C912467A}.Ad-Hoc|x64.Build.0 = Debug|Any CPU
		{D4413E3E-A5A5-40BE-AAA9-5B72C912467A}.Ad-Hoc|x64.Deploy.0 = Debug|Any CPU
		{D4413E3E-A5A5-40BE-AAA9-5B72C912467A}.Ad-Hoc|x86.ActiveCfg = Debug|Any CPU
		{D4413E3E-A5A5-40BE-AAA9-5B72C912467A}.Ad-Hoc|x86.Build.0 = Debug|Any CPU
		{D4413E3E-A5A5-40BE-AAA9-5B72C912467A}.Ad-Hoc|x86.Deploy.0 = Debug|Any CPU
		{D4413E3E-A5A5-40BE-AAA9-5B72C912467A}.AppStore|Any CPU.ActiveCfg = Debug|Any CPU
		{D4413E3E-A5A5-40BE-AAA9-5B72C912467A}.AppStore|Any CPU.Build.0 = Debug|Any CPU
		{D4413E3E-A5A5-40BE-AAA9-5B72C912467A}.AppStore|Any CPU.Deploy.0 = Debug|Any CPU
		{D4413E3E-A5A5-40BE-AAA9-5B72C912467A}.AppStore|ARM.ActiveCfg = Debug|Any CPU
		{D4413E3E-A5A5-40BE-AAA9-5B72C912467A}.AppStore|ARM.Build.0 = Debug|Any CPU
		{D4413E3E-A5A5-40BE-AAA9-5B72C912467A}.AppStore|ARM.Deploy.0 = Debug|Any CPU
		{D4413E3E-A5A5-40BE-AAA9-5B72C912467A}.AppStore|iPhone.ActiveCfg = Debug|Any CPU
		{D4413E3E-A5A5-40BE-AAA9-5B72C912467A}.AppStore|iPhone.Build.0 = Debug|Any CPU
		{D4413E3E-A5A5-40BE-AAA9-5B72C912467A}.AppStore|iPhone.Deploy.0 = Debug|Any CPU
		{D4413E3E-A5A5-40BE-AAA9-5B72C912467A}.AppStore|iPhoneSimulator.ActiveCfg = Debug|Any CPU
		{D4413E3E-A5A5-40BE-AAA9-5B72C912467A}.AppStore|iPhoneSimulator.Build.0 = Debug|Any CPU
		{D4413E3E-A5A5-40BE-AAA9-5B72C912467A}.AppStore|iPhoneSimulator.Deploy.0 = Debug|Any CPU
		{D4413E3E-A5A5-40BE-AAA9-5B72C912467A}.AppStore|x64.ActiveCfg = Debug|Any CPU
		{D4413E3E-A5A5-40BE-AAA9-5B72C912467A}.AppStore|x64.Build.0 = Debug|Any CPU
		{D4413E3E-A5A5-40BE-AAA9-5B72C912467A}.AppStore|x64.Deploy.0 = Debug|Any CPU
		{D4413E3E-A5A5-40BE-AAA9-5B72C912467A}.AppStore|x86.ActiveCfg = Debug|Any CPU
		{D4413E3E-A5A5-40BE-AAA9-5B72C912467A}.AppStore|x86.Build.0 = Debug|Any CPU
		{D4413E3E-A5A5-40BE-AAA9-5B72C912467A}.AppStore|x86.Deploy.0 = Debug|Any CPU
		{D4413E3E-A5A5-40BE-AAA9-5B72C912467A}.Debug|Any CPU.ActiveCfg = Debug|Any CPU
		{D4413E3E-A5A5-40BE-AAA9-5B72C912467A}.Debug|Any CPU.Build.0 = Debug|Any CPU
		{D4413E3E-A5A5-40BE-AAA9-5B72C912467A}.Debug|Any CPU.Deploy.0 = Debug|Any CPU
		{D4413E3E-A5A5-40BE-AAA9-5B72C912467A}.Debug|ARM.ActiveCfg = Debug|Any CPU
		{D4413E3E-A5A5-40BE-AAA9-5B72C912467A}.Debug|ARM.Build.0 = Debug|Any CPU
		{D4413E3E-A5A5-40BE-AAA9-5B72C912467A}.Debug|ARM.Deploy.0 = Debug|Any CPU
		{D4413E3E-A5A5-40BE-AAA9-5B72C912467A}.Debug|iPhone.ActiveCfg = Debug|Any CPU
		{D4413E3E-A5A5-40BE-AAA9-5B72C912467A}.Debug|iPhone.Build.0 = Debug|Any CPU
		{D4413E3E-A5A5-40BE-AAA9-5B72C912467A}.Debug|iPhone.Deploy.0 = Debug|Any CPU
		{D4413E3E-A5A5-40BE-AAA9-5B72C912467A}.Debug|iPhoneSimulator.ActiveCfg = Debug|Any CPU
		{D4413E3E-A5A5-40BE-AAA9-5B72C912467A}.Debug|iPhoneSimulator.Build.0 = Debug|Any CPU
		{D4413E3E-A5A5-40BE-AAA9-5B72C912467A}.Debug|iPhoneSimulator.Deploy.0 = Debug|Any CPU
		{D4413E3E-A5A5-40BE-AAA9-5B72C912467A}.Debug|x64.ActiveCfg = Debug|Any CPU
		{D4413E3E-A5A5-40BE-AAA9-5B72C912467A}.Debug|x64.Build.0 = Debug|Any CPU
		{D4413E3E-A5A5-40BE-AAA9-5B72C912467A}.Debug|x64.Deploy.0 = Debug|Any CPU
		{D4413E3E-A5A5-40BE-AAA9-5B72C912467A}.Debug|x86.ActiveCfg = Debug|Any CPU
		{D4413E3E-A5A5-40BE-AAA9-5B72C912467A}.Debug|x86.Build.0 = Debug|Any CPU
		{D4413E3E-A5A5-40BE-AAA9-5B72C912467A}.Debug|x86.Deploy.0 = Debug|Any CPU
		{D4413E3E-A5A5-40BE-AAA9-5B72C912467A}.Release|Any CPU.ActiveCfg = Release|Any CPU
		{D4413E3E-A5A5-40BE-AAA9-5B72C912467A}.Release|Any CPU.Build.0 = Release|Any CPU
		{D4413E3E-A5A5-40BE-AAA9-5B72C912467A}.Release|Any CPU.Deploy.0 = Release|Any CPU
		{D4413E3E-A5A5-40BE-AAA9-5B72C912467A}.Release|ARM.ActiveCfg = Release|Any CPU
		{D4413E3E-A5A5-40BE-AAA9-5B72C912467A}.Release|ARM.Build.0 = Release|Any CPU
		{D4413E3E-A5A5-40BE-AAA9-5B72C912467A}.Release|ARM.Deploy.0 = Release|Any CPU
		{D4413E3E-A5A5-40BE-AAA9-5B72C912467A}.Release|iPhone.ActiveCfg = Release|Any CPU
		{D4413E3E-A5A5-40BE-AAA9-5B72C912467A}.Release|iPhone.Build.0 = Release|Any CPU
		{D4413E3E-A5A5-40BE-AAA9-5B72C912467A}.Release|iPhone.Deploy.0 = Release|Any CPU
		{D4413E3E-A5A5-40BE-AAA9-5B72C912467A}.Release|iPhoneSimulator.ActiveCfg = Release|Any CPU
		{D4413E3E-A5A5-40BE-AAA9-5B72C912467A}.Release|iPhoneSimulator.Build.0 = Release|Any CPU
		{D4413E3E-A5A5-40BE-AAA9-5B72C912467A}.Release|iPhoneSimulator.Deploy.0 = Release|Any CPU
		{D4413E3E-A5A5-40BE-AAA9-5B72C912467A}.Release|x64.ActiveCfg = Release|Any CPU
		{D4413E3E-A5A5-40BE-AAA9-5B72C912467A}.Release|x64.Build.0 = Release|Any CPU
		{D4413E3E-A5A5-40BE-AAA9-5B72C912467A}.Release|x64.Deploy.0 = Release|Any CPU
		{D4413E3E-A5A5-40BE-AAA9-5B72C912467A}.Release|x86.ActiveCfg = Release|Any CPU
		{D4413E3E-A5A5-40BE-AAA9-5B72C912467A}.Release|x86.Build.0 = Release|Any CPU
		{D4413E3E-A5A5-40BE-AAA9-5B72C912467A}.Release|x86.Deploy.0 = Release|Any CPU
	EndGlobalSection
	GlobalSection(SolutionProperties) = preSolution
		HideSolutionNode = FALSE
	EndGlobalSection
	GlobalSection(ExtensibilityGlobals) = postSolution
		SolutionGuid = {DA85B4AD-A028-4CA1-AC51-9D11BC7AD08C}
	EndGlobalSection
EndGlobal
